<?xml version="1.0" encoding="utf-8"?>
<Project ToolsVersion="4.0" xmlns="http://schemas.microsoft.com/developer/msbuild/2003">
  <ItemGroup>
    <Filter Include="源文件">
      <UniqueIdentifier>{4FC737F1-C7A5-4376-A066-2A32D752A2FF}</UniqueIdentifier>
      <Extensions>cpp;c;cc;cxx;def;odl;idl;hpj;bat;asm;asmx</Extensions>
    </Filter>
    <Filter Include="头文件">
      <UniqueIdentifier>{93995380-89BD-4b04-88EB-625FBE52EBFB}</UniqueIdentifier>
      <Extensions>h;hh;hpp;hxx;hm;inl;inc;ipp;xsd</Extensions>
    </Filter>
    <Filter Include="资源文件">
      <UniqueIdentifier>{67DA6AB6-F800-4c08-8B7A-83BB121AAD01}</UniqueIdentifier>
      <Extensions>rc;ico;cur;bmp;dlg;rc2;rct;bin;rgs;gif;jpg;jpeg;jpe;resx;tiff;tif;png;wav;mfcribbon-ms</Extensions>
    </Filter>
    <Filter Include="主窗口">
      <UniqueIdentifier>{f8796dc1-ff2e-4d17-b910-75a7a343c20b}</UniqueIdentifier>
    </Filter>
    <Filter Include="主窗口\系统信息">
      <UniqueIdentifier>{55a8aa6a-b5b7-47a5-bf1f-d690e8fc56ec}</UniqueIdentifier>
    </Filter>
    <Filter Include="主窗口\任务管理">
      <UniqueIdentifier>{37213d26-ac96-4abf-9cad-02cf17dbdda4}</UniqueIdentifier>
    </Filter>
    <Filter Include="主窗口\任务管理\线程模块子窗口">
      <UniqueIdentifier>{6a1e7809-51c7-4bd8-8a6c-1795b3f3d679}</UniqueIdentifier>
    </Filter>
    <Filter Include="主窗口\垃圾清理">
      <UniqueIdentifier>{4af9d0d9-1180-4f8b-a45e-d759693bd510}</UniqueIdentifier>
    </Filter>
    <Filter Include="主窗口\PE文件解析">
      <UniqueIdentifier>{baf33901-be18-4a85-8966-91a737d03d4c}</UniqueIdentifier>
    </Filter>
    <Filter Include="主窗口\服务管理">
      <UniqueIdentifier>{269dd7db-06a3-459a-8656-346ad72801fe}</UniqueIdentifier>
    </Filter>
    <Filter Include="主窗口\病毒查杀">
      <UniqueIdentifier>{06792395-8fc1-4533-8ac2-d30ecfbcefcd}</UniqueIdentifier>
    </Filter>
  </ItemGroup>
  <ItemGroup>
    <ClInclude Include="MySafe.h">
      <Filter>头文件</Filter>
    </ClInclude>
    <ClInclude Include="stdafx.h">
      <Filter>头文件</Filter>
    </ClInclude>
    <ClInclude Include="targetver.h">
      <Filter>头文件</Filter>
    </ClInclude>
    <ClInclude Include="Resource.h">
      <Filter>头文件</Filter>
    </ClInclude>
    <ClInclude Include="MySafeDlg.h">
      <Filter>主窗口</Filter>
    </ClInclude>
    <ClInclude Include="CMyTable.h">
      <Filter>主窗口</Filter>
    </ClInclude>
    <ClInclude Include="CMyThread.h">
      <Filter>主窗口\任务管理\线程模块子窗口</Filter>
    </ClInclude>
    <ClInclude Include="CDiaA.h">
      <Filter>主窗口\任务管理</Filter>
    </ClInclude>
    <ClInclude Include="CDia0.h">
      <Filter>主窗口\系统信息</Filter>
    </ClInclude>
    <ClInclude Include="CDiaB.h">
      <Filter>主窗口\垃圾清理</Filter>
    </ClInclude>
    <ClInclude Include="CDiaD.h">
      <Filter>主窗口\PE文件解析</Filter>
    </ClInclude>
    <ClInclude Include="CDiaE.h">
      <Filter>主窗口\服务管理</Filter>
    </ClInclude>
    <ClInclude Include="md5.h">
      <Filter>主窗口\病毒查杀</Filter>
    </ClInclude>
    <ClInclude Include="CDiaF.h">
      <Filter>主窗口\病毒查杀</Filter>
    </ClInclude>
  </ItemGroup>
  <ItemGroup>
    <ClCompile Include="MySafe.cpp">
      <Filter>源文件</Filter>
    </ClCompile>
    <ClCompile Include="stdafx.cpp">
      <Filter>源文件</Filter>
    </ClCompile>
    <ClCompile Include="MySafeDlg.cpp">
      <Filter>主窗口</Filter>
    </ClCompile>
    <ClCompile Include="CMyTable.cpp">
      <Filter>主窗口</Filter>
    </ClCompile>
    <ClCompile Include="CMyThread.cpp">
      <Filter>主窗口\任务管理\线程模块子窗口</Filter>
    </ClCompile>
    <ClCompile Include="CDiaA.cpp">
      <Filter>主窗口\任务管理</Filter>
    </ClCompile>
    <ClCompile Include="CDia0.cpp">
      <Filter>主窗口\系统信息</Filter>
    </ClCompile>
    <ClCompile Include="CDiaB.cpp">
      <Filter>主窗口\垃圾清理</Filter>
    </ClCompile>
    <ClCompile Include="CDiaD.cpp">
      <Filter>主窗口\PE文件解析</Filter>
    </ClCompile>
    <ClCompile Include="CDiaE.cpp">
      <Filter>主窗口\服务管理</Filter>
    </ClCompile>
    <ClCompile Include="CDiaF.cpp">
      <Filter>主窗口\病毒查杀</Filter>
    </ClCompile>
  </ItemGroup>
  <ItemGroup>
    <ResourceCompile Include="MySafe.rc">
      <Filter>资源文件</Filter>
    </ResourceCompile>
  </ItemGroup>
  <ItemGroup>
    <None Include="res\MySafe.rc2">
      <Filter>资源文件</Filter>
    </None>
  </ItemGroup>
  <ItemGroup>
    <Image Include="res\MySafe.ico">
      <Filter>资源文件</Filter>
    </Image>
  </ItemGroup>
</Project>